
Microsoft Visual Studio Solution File, Format Version 12.00
# Visual Studio Version 17
VisualStudioVersion = 17.13.35825.156 d17.13
MinimumVisualStudioVersion = 10.0.40219.1
Project("{FAE04EC0-301F-11D3-BF4B-00C04F79EFBC}") = "Proyect01", "Proyect01.csproj", "{352642CF-B219-4E87-AD2B-772B36B52CA6}"
EndProject
Global
	GlobalSection(SolutionConfigurationPlatforms) = preSolution
		Debug|Any CPU = Debug|Any CPU
		Release|Any CPU = Release|Any CPU
	EndGlobalSection
	GlobalSection(ProjectConfigurationPlatforms) = postSolution
		{352642CF-B219-4E87-AD2B-772B36B52CA6}.Debug|Any CPU.ActiveCfg = Debug|Any CPU
		{352642CF-B219-4E87-AD2B-772B36B52CA6}.Debug|Any CPU.Build.0 = Debug|Any CPU
		{352642CF-B219-4E87-AD2B-772B36B52CA6}.Release|Any CPU.ActiveCfg = Release|Any CPU
		{352642CF-B219-4E87-AD2B-772B36B52CA6}.Release|Any CPU.Build.0 = Release|Any CPU
	EndGlobalSection
	GlobalSection(SolutionProperties) = preSolution
		HideSolutionNode = FALSE
	EndGlobalSection
	GlobalSection(ExtensibilityGlobals) = postSolution
		SolutionGuid = {158FDF95-1236-4A1C-83BF-4B126AFF5C4B}
	EndGlobalSection
EndGlobal
